// !$*UTF8*$!
{
	archiveVersion = 1;
	classes = {
	};
	objectVersion = 46;
	objects = {

/* Begin PBXBuildFile section */
		CC43D6D81C9FC3B3002A3B82 /* AppDelegate.swift in Sources */ = {isa = PBXBuildFile; fileRef = CC43D6D71C9FC3B3002A3B82 /* AppDelegate.swift */; };
		CC43D6DA1C9FC3B3002A3B82 /* ViewController.swift in Sources */ = {isa = PBXBuildFile; fileRef = CC43D6D91C9FC3B3002A3B82 /* ViewController.swift */; };
		CC43D6DC1C9FC3B3002A3B82 /* Assets.xcassets in Resources */ = {isa = PBXBuildFile; fileRef = CC43D6DB1C9FC3B3002A3B82 /* Assets.xcassets */; };
		CC43D6DF1C9FC3B3002A3B82 /* Main.storyboard in Resources */ = {isa = PBXBuildFile; fileRef = CC43D6DD1C9FC3B3002A3B82 /* Main.storyboard */; };
/* End PBXBuildFile section */

/* Begin PBXFileReference section */
		CC43D6D41C9FC3B3002A3B82 /* NSSplitViewItemBehaviorTester.app */ = {isa = PBXFileReference; explicitFileType = wrapper.application; includeInIndex = 0; path = NSSplitViewItemBehaviorTester.app; sourceTree = BUILT_PRODUCTS_DIR; };
		CC43D6D71C9FC3B3002A3B82 /* AppDelegate.swift */ = {isa = PBXFileReference; lastKnownFileType = sourcecode.swift; path = AppDelegate.swift; sourceTree = "<group>"; };
		CC43D6D91C9FC3B3002A3B82 /* ViewController.swift */ = {isa = PBXFileReference; lastKnownFileType = sourcecode.swift; path = ViewController.swift; sourceTree = "<group>"; };
		CC43D6DB1C9FC3B3002A3B82 /* Assets.xcassets */ = {isa = PBXFileReference; lastKnownFileType = folder.assetcatalog; path = Assets.xcassets; sourceTree = "<group>"; };
		CC43D6DE1C9FC3B3002A3B82 /* Base */ = {isa = PBXFileReference; lastKnownFileType = file.storyboard; name = Base; path = Base.lproj/Main.storyboard; sourceTree = "<group>"; };
		CC43D6E01C9FC3B3002A3B82 /* Info.plist */ = {isa = PBXFileReference; lastKnownFileType = text.plist.xml; path = Info.plist; sourceTree = "<group>"; };
/* End PBXFileReference section */

/* Begin PBXFrameworksBuildPhase section */
		CC43D6D11C9FC3B3002A3B82 /* Frameworks */ = {
			isa = PBXFrameworksBuildPhase;
			buildActionMask = 2147483647;
			files = (
			);
			runOnlyForDeploymentPostprocessing = 0;
		};
/* End PBXFrameworksBuildPhase section */

/* Begin PBXGroup section */
		CC43D6CB1C9FC3B3002A3B82 = {
			isa = PBXGroup;
			children = (
				CC43D6D61C9FC3B3002A3B82 /* NSSplitViewItemBehaviorTester */,
				CC43D6D51C9FC3B3002A3B82 /* Products */,
			);
			sourceTree = "<group>";
		};
		CC43D6D51C9FC3B3002A3B82 /* Products */ = {
			isa = PBXGroup;
			children = (
				CC43D6D41C9FC3B3002A3B82 /* NSSplitViewItemBehaviorTester.app */,
			);
			name = Products;
			sourceTree = "<group>";
		};
		CC43D6D61C9FC3B3002A3B82 /* NSSplitViewItemBehaviorTester */ = {
			isa = PBXGroup;
			children = (
				CC43D6D71C9FC3B3002A3B82 /* AppDelegate.swift */,
				CC43D6D91C9FC3B3002A3B82 /* ViewController.swift */,
				CC43D6DB1C9FC3B3002A3B82 /* Assets.xcassets */,
				CC43D6DD1C9FC3B3002A3B82 /* Main.storyboard */,
				CC43D6E01C9FC3B3002A3B82 /* Info.plist */,
			);
			path = NSSplitViewItemBehaviorTester;
			sourceTree = "<group>";
		};
/* End PBXGroup section */

/* Begin PBXNativeTarget section */
		CC43D6D31C9FC3B3002A3B82 /* NSSplitViewItemBehaviorTester */ = {
			isa = PBXNativeTarget;
			buildConfigurationList = CC43D6E31C9FC3B3002A3B82 /* Build configuration list for PBXNativeTarget "NSSplitViewItemBehaviorTester" */;
			buildPhases = (
				CC43D6D01C9FC3B3002A3B82 /* Sources */,
				CC43D6D11C9FC3B3002A3B82 /* Frameworks */,
				CC43D6D21C9FC3B3002A3B82 /* Resources */,
			);
			buildRules = (
			);
			dependencies = (
			);
			name = NSSplitViewItemBehaviorTester;
			productName = NSSplitViewItemBehaviorTester;
			productReference = CC43D6D41C9FC3B3002A3B82 /* NSSplitViewItemBehaviorTester.app */;
			productType = "com.apple.product-type.application";
		};
/* End PBXNativeTarget section */

/* Begin PBXProject section */
		CC43D6CC1C9FC3B3002A3B82 /* Project object */ = {
			isa = PBXProject;
			attributes = {
				LastSwiftUpdateCheck = 0720;
				LastUpgradeCheck = 0720;
				ORGANIZATIONNAME = "Electricwoods LLC";
				TargetAttributes = {
					CC43D6D31C9FC3B3002A3B82 = {
						CreatedOnToolsVersion = 7.2.1;
					};
				};
			};
			buildConfigurationList = CC43D6CF1C9FC3B3002A3B82 /* Build configuration list for PBXProject "NSSplitViewItemBehaviorTester" */;
			compatibilityVersion = "Xcode 3.2";
			developmentRegion = English;
			hasScannedForEncodings = 0;
			knownRegions = (
				en,
				Base,
			);
			mainGroup = CC43D6CB1C9FC3B3002A3B82;
			productRefGroup = CC43D6D51C9FC3B3002A3B82 /* Products */;
			projectDirPath = "";
			projectRoot = "";
			targets = (
				CC43D6D31C9FC3B3002A3B82 /* NSSplitViewItemBehaviorTester */,
			);
		};
/* End PBXProject section */

/* Begin PBXResourcesBuildPhase section */
		CC43D6D21C9FC3B3002A3B82 /* Resources */ = {
			isa = PBXResourcesBuildPhase;
			buildActionMask = 2147483647;
			files = (
				CC43D6DC1C9FC3B3002A3B82 /* Assets.xcassets in Resources */,
				CC43D6DF1C9FC3B3002A3B82 /* Main.storyboard in Resources */,
			);
			runOnlyForDeploymentPostprocessing = 0;
		};
/* End PBXResourcesBuildPhase section */

/* Begin PBXSourcesBuildPhase section */
		CC43D6D01C9FC3B3002A3B82 /* Sources */ = {
			isa = PBXSourcesBuildPhase;
			buildActionMask = 2147483647;
			files = (
				CC43D6DA1C9FC3B3002A3B82 /* ViewController.swift in Sources */,
				CC43D6D81C9FC3B3002A3B82 /* AppDelegate.swift in Sources */,
			);
			runOnlyForDeploymentPostprocessing = 0;
		};
/* End PBXSourcesBuildPhase section */

/* Begin PBXVariantGroup section */
		CC43D6DD1C9FC3B3002A3B82 /* Main.storyboard */ = {
			isa = PBXVariantGroup;
			children = (
				CC43D6DE1C9FC3B3002A3B82 /* Base */,
			);
			name = Main.storyboard;
			sourceTree = "<group>";
		};
/* End PBXVariantGroup section */

/* Begin XCBuildConfiguration section */
		CC43D6E11C9FC3B3002A3B82 /* Debug */ = {
			isa = XCBuildConfiguration;
			buildSettings = {
				ALWAYS_SEARCH_USER_PATHS = NO;
				CLANG_CXX_LANGUAGE_STANDARD = "gnu++0x";
				CLANG_CXX_LIBRARY = "libc++";
				CLANG_ENABLE_MODULES = YES;
				CLANG_ENABLE_OBJC_ARC = YES;
				CLANG_WARN_BOOL_CONVERSION = YES;
				CLANG_WARN_CONSTANT_CONVERSION = YES;
				CLANG_WARN_DIRECT_OBJC_ISA_USAGE = YES_ERROR;
				CLANG_WARN_EMPTY_BODY = YES;
				CLANG_WARN_ENUM_CONVERSION = YES;
				CLANG_WARN_INT_CONVERSION = YES;
				CLANG_WARN_OBJC_ROOT_CLASS = YES_ERROR;
				CLANG_WARN_UNREACHABLE_CODE = YES;
				CLANG_WARN__DUPLICATE_METHOD_MATCH = YES;
				CODE_SIGN_IDENTITY = "-";
				COPY_PHASE_STRIP = NO;
				DEBUG_INFORMATION_FORMAT = dwarf;
				ENABLE_STRICT_OBJC_MSGSEND = YES;
				ENABLE_TESTABILITY = YES;
				GCC_C_LANGUAGE_STANDARD = gnu99;
				GCC_DYNAMIC_NO_PIC = NO;
				GCC_NO_COMMON_BLOCKS = YES;
				GCC_OPTIMIZATION_LEVEL = 0;
				GCC_PREPROCESSOR_DEFINITIONS = (
					"DEBUG=1",
					"$(inherited)",
				);
				GCC_WARN_64_TO_32_BIT_CONVERSION = YES;
				GCC_WARN_ABOUT_RETURN_TYPE = YES_ERROR;
				GCC_WARN_UNDECLARED_SELECTOR = YES;
				GCC_WARN_UNINITIALIZED_AUTOS = YES_AGGRESSIVE;
				GCC_WARN_UNUSED_FUNCTION = YES;
				GCC_WARN_UNUSED_VARIABLE = YES;
				MACOSX_DEPLOYMENT_TARGET = 10.11;
				MTL_ENABLE_DEBUG_INFO = YES;
				ONLY_ACTIVE_ARCH = YES;
				SDKROOT = macosx;
				SWIFT_OPTIMIZATION_LEVEL = "-Onone";
			};
			name = Debug;
		};
		CC43D6E21C9FC3B3002A3B82 /* Release */ = {
			isa = XCBuildConfiguration;
			buildSettings = {
				ALWAYS_SEARCH_USER_PATHS = NO;
				CLANG_CXX_LANGUAGE_STANDARD = "gnu++0x";
				CLANG_CXX_LIBRARY = "libc++";
				CLANG_ENABLE_MODULES = YES;
				CLANG_ENABLE_OBJC_ARC = YES;
				CLANG_WARN_BOOL_CONVERSION = YES;
				CLANG_WARN_CONSTANT_CONVERSION = YES;
				CLANG_WARN_DIRECT_OBJC_ISA_USAGE = YES_ERROR;
				CLANG_WARN_EMPTY_BODY = YES;
				CLANG_WARN_ENUM_CONVERSION = YES;
				CLANG_WARN_INT_CONVERSION = YES;
				CLANG_WARN_OBJC_ROOT_CLASS = YES_ERROR;
				CLANG_WARN_UNREACHABLE_CODE = YES;
				CLANG_WARN__DUPLICATE_METHOD_MATCH = YES;
				CODE_SIGN_IDENTITY = "-";
				COPY_PHASE_STRIP = NO;
				DEBUG_INFORMATION_FORMAT = "dwarf-with-dsym";
				ENABLE_NS_ASSERTIONS = NO;
				ENABLE_STRICT_OBJC_MSGSEND = YES;
				GCC_C_LANGUAGE_STANDARD = gnu99;
				GCC_NO_COMMON_BLOCKS = YES;
				GCC_WARN_64_TO_32_BIT_CONVERSION = YES;
				GCC_WARN_ABOUT_RETURN_TYPE = YES_ERROR;
				GCC_WARN_UNDECLARED_SELECTOR = YES;
				GCC_WARN_UNINITIALIZED_AUTOS = YES_AGGRESSIVE;
				GCC_WARN_UNUSED_FUNCTION = YES;
				GCC_WARN_UNUSED_VARIABLE = YES;
				MACOSX_DEPLOYMENT_TARGET = 10.11;
				MTL_ENABLE_DEBUG_INFO = NO;
				SDKROOT = macosx;
			};
			name = Release;
		};
		CC43D6E41C9FC3B3002A3B82 /* Debug */ = {
			isa = XCBuildConfiguration;
			buildSettings = {
				ASSETCATALOG_COMPILER_APPICON_NAME = AppIcon;
				COMBINE_HIDPI_IMAGES = YES;
				INFOPLIST_FILE = NSSplitViewItemBehaviorTester/Info.plist;
				LD_RUNPATH_SEARCH_PATHS = "$(inherited) @executable_path/../Frameworks";
				PRODUCT_BUNDLE_IDENTIFIER = com.electricwoods.NSSplitViewItemBehaviorTester;
				PRODUCT_NAME = "$(TARGET_NAME)";
			};
			name = Debug;
		};
		CC43D6E51C9FC3B3002A3B82 /* Release */ = {
			isa = XCBuildConfiguration;
			buildSettings = {
				ASSETCATALOG_COMPILER_APPICON_NAME = AppIcon;
				COMBINE_HIDPI_IMAGES = YES;
				INFOPLIST_FILE = NSSplitViewItemBehaviorTester/Info.plist;
				LD_RUNPATH_SEARCH_PATHS = "$(inherited) @executable_path/../Frameworks";
				PRODUCT_BUNDLE_IDENTIFIER = com.electricwoods.NSSplitViewItemBehaviorTester;
				PRODUCT_NAME = "$(TARGET_NAME)";
			};
			name = Release;
		};
/* End XCBuildConfiguration section */

/* Begin XCConfigurationList section */
		CC43D6CF1C9FC3B3002A3B82 /* Build configuration list for PBXProject "NSSplitViewItemBehaviorTester" */ = {
			isa = XCConfigurationList;
			buildConfigurations = (
				CC43D6E11C9FC3B3002A3B82 /* Debug */,
				CC43D6E21C9FC3B3002A3B82 /* Release */,
			);
			defaultConfigurationIsVisible = 0;
			defaultConfigurationName = Release;
		};
		CC43D6E31C9FC3B3002A3B82 /* Build configuration list for PBXNativeTarget "NSSplitViewItemBehaviorTester" */ = {
			isa = XCConfigurationList;
			buildConfigurations = (
				CC43D6E41C9FC3B3002A3B82 /* Debug */,
				CC43D6E51C9FC3B3002A3B82 /* Release */,
			);
			defaultConfigurationIsVisible = 0;
		};
/* End XCConfigurationList section */
	};
	rootObject = CC43D6CC1C9FC3B3002A3B82 /* Project object */;
}
